// !$*UTF8*$!
{
	archiveVersion = 1;
	classes = {
	};
	objectVersion = 56;
	objects = {

/* Begin PBXBuildFile section */
		5326A5452A9C1D8400A8BD4B /* AppDelegate.swift in Sources */ = {isa = PBXBuildFile; fileRef = 5326A5442A9C1D8400A8BD4B /* AppDelegate.swift */; };
		5326A5472A9C1D8400A8BD4B /* SceneDelegate.swift in Sources */ = {isa = PBXBuildFile; fileRef = 5326A5462A9C1D8400A8BD4B /* SceneDelegate.swift */; };
		5326A5492A9C1D8400A8BD4B /* AddViewController.swift in Sources */ = {isa = PBXBuildFile; fileRef = 5326A5482A9C1D8400A8BD4B /* AddViewController.swift */; };
		5326A54E2A9C1D8500A8BD4B /* Assets.xcassets in Resources */ = {isa = PBXBuildFile; fileRef = 5326A54D2A9C1D8500A8BD4B /* Assets.xcassets */; };
		5326A5512A9C1D8500A8BD4B /* LaunchScreen.storyboard in Resources */ = {isa = PBXBuildFile; fileRef = 5326A54F2A9C1D8500A8BD4B /* LaunchScreen.storyboard */; };
		5326A55A2A9C1E1E00A8BD4B /* SnapKit in Frameworks */ = {isa = PBXBuildFile; productRef = 5326A5592A9C1E1E00A8BD4B /* SnapKit */; };
		5326A55D2A9C242400A8BD4B /* BaseViewController.swift in Sources */ = {isa = PBXBuildFile; fileRef = 5326A55C2A9C242400A8BD4B /* BaseViewController.swift */; };
		5326A5602A9C274B00A8BD4B /* SearchViewController.swift in Sources */ = {isa = PBXBuildFile; fileRef = 5326A55F2A9C274B00A8BD4B /* SearchViewController.swift */; };
		5326A5622A9C2EBD00A8BD4B /* BaseView.swift in Sources */ = {isa = PBXBuildFile; fileRef = 5326A5612A9C2EBD00A8BD4B /* BaseView.swift */; };
		5326A5652A9C2FF200A8BD4B /* AddView.swift in Sources */ = {isa = PBXBuildFile; fileRef = 5326A5642A9C2FF200A8BD4B /* AddView.swift */; };
		5326A5672A9C337400A8BD4B /* SearchView.swift in Sources */ = {isa = PBXBuildFile; fileRef = 5326A5662A9C337400A8BD4B /* SearchView.swift */; };
		5326A5692A9C365E00A8BD4B /* BaseCollectionViewCell.swift in Sources */ = {isa = PBXBuildFile; fileRef = 5326A5682A9C365E00A8BD4B /* BaseCollectionViewCell.swift */; };
		5326A56B2A9C37EF00A8BD4B /* SearchCollectionViewCell.swift in Sources */ = {isa = PBXBuildFile; fileRef = 5326A56A2A9C37EF00A8BD4B /* SearchCollectionViewCell.swift */; };
		5326A5772A9D7BDA00A8BD4B /* Notification+Extension.swift in Sources */ = {isa = PBXBuildFile; fileRef = 5326A5762A9D7BDA00A8BD4B /* Notification+Extension.swift */; };
		5326A5792A9D7C7900A8BD4B /* DateView.swift in Sources */ = {isa = PBXBuildFile; fileRef = 5326A5782A9D7C7900A8BD4B /* DateView.swift */; };
		5326A57B2A9D7DC400A8BD4B /* DateViewController.swift in Sources */ = {isa = PBXBuildFile; fileRef = 5326A57A2A9D7DC400A8BD4B /* DateViewController.swift */; };
		5326A57D2A9D8E9300A8BD4B /* DateFormatter+Extension.swift in Sources */ = {isa = PBXBuildFile; fileRef = 5326A57C2A9D8E9300A8BD4B /* DateFormatter+Extension.swift */; };
		5326A5C22A9D9BE200A8BD4B /* SeSACPhotoFramework.framework in Frameworks */ = {isa = PBXBuildFile; fileRef = 5326A5BE2A9D9BCE00A8BD4B /* SeSACPhotoFramework.framework */; };
		5326A5C32A9D9BE200A8BD4B /* SeSACPhotoFramework.framework in Embed Frameworks */ = {isa = PBXBuildFile; fileRef = 5326A5BE2A9D9BCE00A8BD4B /* SeSACPhotoFramework.framework */; settings = {ATTRIBUTES = (CodeSignOnCopy, RemoveHeadersOnCopy, ); }; };
		5326A5C62A9DB54B00A8BD4B /* TitleViewController.swift in Sources */ = {isa = PBXBuildFile; fileRef = 5326A5C52A9DB54B00A8BD4B /* TitleViewController.swift */; };
		5326A5C82A9DBB4600A8BD4B /* ContentViewController.swift in Sources */ = {isa = PBXBuildFile; fileRef = 5326A5C72A9DBB4600A8BD4B /* ContentViewController.swift */; };
		5326A5CC2A9DC75A00A8BD4B /* WebViewController.swift in Sources */ = {isa = PBXBuildFile; fileRef = 5326A5CB2A9DC75A00A8BD4B /* WebViewController.swift */; };
		5326A5D82A9EC74400A8BD4B /* APIService.swift in Sources */ = {isa = PBXBuildFile; fileRef = 5326A5D72A9EC74400A8BD4B /* APIService.swift */; };
		5326A5DC2A9EEBD200A8BD4B /* URLSessionViewController.swift in Sources */ = {isa = PBXBuildFile; fileRef = 5326A5DB2A9EEBD200A8BD4B /* URLSessionViewController.swift */; };
		5326A5DF2AA01A6F00A8BD4B /* HomeView.swift in Sources */ = {isa = PBXBuildFile; fileRef = 5326A5DE2AA01A6F00A8BD4B /* HomeView.swift */; };
		5326A5E12AA01A7900A8BD4B /* HomeViewController.swift in Sources */ = {isa = PBXBuildFile; fileRef = 5326A5E02AA01A7900A8BD4B /* HomeViewController.swift */; };
		5326A5E72AA0CC8700A8BD4B /* Alamofire in Frameworks */ = {isa = PBXBuildFile; productRef = 5326A5E62AA0CC8700A8BD4B /* Alamofire */; };
		5326A5E92AA0CDA200A8BD4B /* PhotoAPIManager.swift in Sources */ = {isa = PBXBuildFile; fileRef = 5326A5E82AA0CDA200A8BD4B /* PhotoAPIManager.swift */; };
		5326A5EB2AA0D05800A8BD4B /* .gitignore in Resources */ = {isa = PBXBuildFile; fileRef = 5326A5EA2AA0D05800A8BD4B /* .gitignore */; };
		5326A5ED2AA0D07400A8BD4B /* APIKey.swift in Sources */ = {isa = PBXBuildFile; fileRef = 5326A5EC2AA0D07400A8BD4B /* APIKey.swift */; };
		5326A5EF2AA0D32600A8BD4B /* PhotoResult.swift in Sources */ = {isa = PBXBuildFile; fileRef = 5326A5EE2AA0D32600A8BD4B /* PhotoResult.swift */; };
		5326A5F22AA0D72000A8BD4B /* Kingfisher in Frameworks */ = {isa = PBXBuildFile; productRef = 5326A5F12AA0D72000A8BD4B /* Kingfisher */; };
		53D5CD962AB46A560064CB3B /* HomeCollectionViewController.swift in Sources */ = {isa = PBXBuildFile; fileRef = 53D5CD952AB46A560064CB3B /* HomeCollectionViewController.swift */; };
/* End PBXBuildFile section */

/* Begin PBXContainerItemProxy section */
		5326A5BD2A9D9BCE00A8BD4B /* PBXContainerItemProxy */ = {
			isa = PBXContainerItemProxy;
			containerPortal = 5326A5B82A9D9BCE00A8BD4B /* SeSACPhotoFramework.xcodeproj */;
			proxyType = 2;
			remoteGlobalIDString = 5326A5882A9D92AD00A8BD4B;
			remoteInfo = SeSACPhotoFramework;
		};
		5326A5BF2A9D9BCE00A8BD4B /* PBXContainerItemProxy */ = {
			isa = PBXContainerItemProxy;
			containerPortal = 5326A5B82A9D9BCE00A8BD4B /* SeSACPhotoFramework.xcodeproj */;
			proxyType = 2;
			remoteGlobalIDString = 5326A5922A9D92AD00A8BD4B;
			remoteInfo = SeSACPhotoFrameworkTests;
		};
/* End PBXContainerItemProxy section */

/* Begin PBXCopyFilesBuildPhase section */
		5326A5C42A9D9BE200A8BD4B /* Embed Frameworks */ = {
			isa = PBXCopyFilesBuildPhase;
			buildActionMask = 2147483647;
			dstPath = "";
			dstSubfolderSpec = 10;
			files = (
				5326A5C32A9D9BE200A8BD4B /* SeSACPhotoFramework.framework in Embed Frameworks */,
			);
			name = "Embed Frameworks";
			runOnlyForDeploymentPostprocessing = 0;
		};
/* End PBXCopyFilesBuildPhase section */

/* Begin PBXFileReference section */
		5326A5412A9C1D8400A8BD4B /* PhotoLog.app */ = {isa = PBXFileReference; explicitFileType = wrapper.application; includeInIndex = 0; path = PhotoLog.app; sourceTree = BUILT_PRODUCTS_DIR; };
		5326A5442A9C1D8400A8BD4B /* AppDelegate.swift */ = {isa = PBXFileReference; lastKnownFileType = sourcecode.swift; path = AppDelegate.swift; sourceTree = "<group>"; };
		5326A5462A9C1D8400A8BD4B /* SceneDelegate.swift */ = {isa = PBXFileReference; lastKnownFileType = sourcecode.swift; path = SceneDelegate.swift; sourceTree = "<group>"; };
		5326A5482A9C1D8400A8BD4B /* AddViewController.swift */ = {isa = PBXFileReference; lastKnownFileType = sourcecode.swift; path = AddViewController.swift; sourceTree = "<group>"; };
		5326A54D2A9C1D8500A8BD4B /* Assets.xcassets */ = {isa = PBXFileReference; lastKnownFileType = folder.assetcatalog; path = Assets.xcassets; sourceTree = "<group>"; };
		5326A5502A9C1D8500A8BD4B /* Base */ = {isa = PBXFileReference; lastKnownFileType = file.storyboard; name = Base; path = Base.lproj/LaunchScreen.storyboard; sourceTree = "<group>"; };
		5326A5522A9C1D8500A8BD4B /* Info.plist */ = {isa = PBXFileReference; lastKnownFileType = text.plist.xml; path = Info.plist; sourceTree = "<group>"; };
		5326A55C2A9C242400A8BD4B /* BaseViewController.swift */ = {isa = PBXFileReference; lastKnownFileType = sourcecode.swift; path = BaseViewController.swift; sourceTree = "<group>"; };
		5326A55F2A9C274B00A8BD4B /* SearchViewController.swift */ = {isa = PBXFileReference; lastKnownFileType = sourcecode.swift; path = SearchViewController.swift; sourceTree = "<group>"; };
		5326A5612A9C2EBD00A8BD4B /* BaseView.swift */ = {isa = PBXFileReference; lastKnownFileType = sourcecode.swift; path = BaseView.swift; sourceTree = "<group>"; };
		5326A5642A9C2FF200A8BD4B /* AddView.swift */ = {isa = PBXFileReference; lastKnownFileType = sourcecode.swift; path = AddView.swift; sourceTree = "<group>"; };
		5326A5662A9C337400A8BD4B /* SearchView.swift */ = {isa = PBXFileReference; lastKnownFileType = sourcecode.swift; path = SearchView.swift; sourceTree = "<group>"; };
		5326A5682A9C365E00A8BD4B /* BaseCollectionViewCell.swift */ = {isa = PBXFileReference; lastKnownFileType = sourcecode.swift; path = BaseCollectionViewCell.swift; sourceTree = "<group>"; };
		5326A56A2A9C37EF00A8BD4B /* SearchCollectionViewCell.swift */ = {isa = PBXFileReference; lastKnownFileType = sourcecode.swift; path = SearchCollectionViewCell.swift; sourceTree = "<group>"; };
		5326A5762A9D7BDA00A8BD4B /* Notification+Extension.swift */ = {isa = PBXFileReference; lastKnownFileType = sourcecode.swift; path = "Notification+Extension.swift"; sourceTree = "<group>"; };
		5326A5782A9D7C7900A8BD4B /* DateView.swift */ = {isa = PBXFileReference; lastKnownFileType = sourcecode.swift; path = DateView.swift; sourceTree = "<group>"; };
		5326A57A2A9D7DC400A8BD4B /* DateViewController.swift */ = {isa = PBXFileReference; lastKnownFileType = sourcecode.swift; path = DateViewController.swift; sourceTree = "<group>"; };
		5326A57C2A9D8E9300A8BD4B /* DateFormatter+Extension.swift */ = {isa = PBXFileReference; lastKnownFileType = sourcecode.swift; path = "DateFormatter+Extension.swift"; sourceTree = "<group>"; };
		5326A5B82A9D9BCE00A8BD4B /* SeSACPhotoFramework.xcodeproj */ = {isa = PBXFileReference; lastKnownFileType = "wrapper.pb-project"; name = SeSACPhotoFramework.xcodeproj; path = ../SeSACPhotoFramework/SeSACPhotoFramework.xcodeproj; sourceTree = "<group>"; };
		5326A5C52A9DB54B00A8BD4B /* TitleViewController.swift */ = {isa = PBXFileReference; lastKnownFileType = sourcecode.swift; path = TitleViewController.swift; sourceTree = "<group>"; };
		5326A5C72A9DBB4600A8BD4B /* ContentViewController.swift */ = {isa = PBXFileReference; lastKnownFileType = sourcecode.swift; path = ContentViewController.swift; sourceTree = "<group>"; };
		5326A5CB2A9DC75A00A8BD4B /* WebViewController.swift */ = {isa = PBXFileReference; lastKnownFileType = sourcecode.swift; path = WebViewController.swift; sourceTree = "<group>"; };
		5326A5D72A9EC74400A8BD4B /* APIService.swift */ = {isa = PBXFileReference; lastKnownFileType = sourcecode.swift; path = APIService.swift; sourceTree = "<group>"; };
		5326A5DB2A9EEBD200A8BD4B /* URLSessionViewController.swift */ = {isa = PBXFileReference; lastKnownFileType = sourcecode.swift; path = URLSessionViewController.swift; sourceTree = "<group>"; };
		5326A5DE2AA01A6F00A8BD4B /* HomeView.swift */ = {isa = PBXFileReference; lastKnownFileType = sourcecode.swift; path = HomeView.swift; sourceTree = "<group>"; };
		5326A5E02AA01A7900A8BD4B /* HomeViewController.swift */ = {isa = PBXFileReference; lastKnownFileType = sourcecode.swift; path = HomeViewController.swift; sourceTree = "<group>"; };
		5326A5E82AA0CDA200A8BD4B /* PhotoAPIManager.swift */ = {isa = PBXFileReference; lastKnownFileType = sourcecode.swift; path = PhotoAPIManager.swift; sourceTree = "<group>"; };
		5326A5EA2AA0D05800A8BD4B /* .gitignore */ = {isa = PBXFileReference; lastKnownFileType = text; path = .gitignore; sourceTree = "<group>"; };
		5326A5EC2AA0D07400A8BD4B /* APIKey.swift */ = {isa = PBXFileReference; lastKnownFileType = sourcecode.swift; path = APIKey.swift; sourceTree = "<group>"; };
		5326A5EE2AA0D32600A8BD4B /* PhotoResult.swift */ = {isa = PBXFileReference; lastKnownFileType = sourcecode.swift; path = PhotoResult.swift; sourceTree = "<group>"; };
		53D5CD952AB46A560064CB3B /* HomeCollectionViewController.swift */ = {isa = PBXFileReference; lastKnownFileType = sourcecode.swift; path = HomeCollectionViewController.swift; sourceTree = "<group>"; };
/* End PBXFileReference section */

/* Begin PBXFrameworksBuildPhase section */
		5326A53E2A9C1D8400A8BD4B /* Frameworks */ = {
			isa = PBXFrameworksBuildPhase;
			buildActionMask = 2147483647;
			files = (
				5326A5F22AA0D72000A8BD4B /* Kingfisher in Frameworks */,
				5326A5E72AA0CC8700A8BD4B /* Alamofire in Frameworks */,
				5326A5C22A9D9BE200A8BD4B /* SeSACPhotoFramework.framework in Frameworks */,
				5326A55A2A9C1E1E00A8BD4B /* SnapKit in Frameworks */,
			);
			runOnlyForDeploymentPostprocessing = 0;
		};
/* End PBXFrameworksBuildPhase section */

/* Begin PBXGroup section */
		5326A5382A9C1D8400A8BD4B = {
			isa = PBXGroup;
			children = (
				5326A5B82A9D9BCE00A8BD4B /* SeSACPhotoFramework.xcodeproj */,
				5326A5432A9C1D8400A8BD4B /* PhotoLog */,
				5326A5422A9C1D8400A8BD4B /* Products */,
				5326A5C12A9D9BE200A8BD4B /* Frameworks */,
			);
			sourceTree = "<group>";
		};
		5326A5422A9C1D8400A8BD4B /* Products */ = {
			isa = PBXGroup;
			children = (
				5326A5412A9C1D8400A8BD4B /* PhotoLog.app */,
			);
			name = Products;
			sourceTree = "<group>";
		};
		5326A5432A9C1D8400A8BD4B /* PhotoLog */ = {
			isa = PBXGroup;
			children = (
				5326A5DD2AA01A5D00A8BD4B /* Home */,
				5326A5D62A9EC73200A8BD4B /* Network */,
				5326A5752A9D7BC200A8BD4B /* Extension */,
				5326A5632A9C2FCC00A8BD4B /* Add */,
				5326A55E2A9C272200A8BD4B /* Search */,
				5326A55B2A9C23E900A8BD4B /* Base */,
				5326A5442A9C1D8400A8BD4B /* AppDelegate.swift */,
				5326A5462A9C1D8400A8BD4B /* SceneDelegate.swift */,
				5326A5CB2A9DC75A00A8BD4B /* WebViewController.swift */,
				5326A54D2A9C1D8500A8BD4B /* Assets.xcassets */,
				5326A54F2A9C1D8500A8BD4B /* LaunchScreen.storyboard */,
				5326A5522A9C1D8500A8BD4B /* Info.plist */,
				5326A5EA2AA0D05800A8BD4B /* .gitignore */,
			);
			path = PhotoLog;
			sourceTree = "<group>";
		};
		5326A55B2A9C23E900A8BD4B /* Base */ = {
			isa = PBXGroup;
			children = (
				5326A55C2A9C242400A8BD4B /* BaseViewController.swift */,
				5326A5612A9C2EBD00A8BD4B /* BaseView.swift */,
				5326A5682A9C365E00A8BD4B /* BaseCollectionViewCell.swift */,
			);
			path = Base;
			sourceTree = "<group>";
		};
		5326A55E2A9C272200A8BD4B /* Search */ = {
			isa = PBXGroup;
			children = (
				5326A55F2A9C274B00A8BD4B /* SearchViewController.swift */,
				5326A5662A9C337400A8BD4B /* SearchView.swift */,
				5326A56A2A9C37EF00A8BD4B /* SearchCollectionViewCell.swift */,
			);
			path = Search;
			sourceTree = "<group>";
		};
		5326A5632A9C2FCC00A8BD4B /* Add */ = {
			isa = PBXGroup;
			children = (
				5326A5482A9C1D8400A8BD4B /* AddViewController.swift */,
				5326A5642A9C2FF200A8BD4B /* AddView.swift */,
				5326A5782A9D7C7900A8BD4B /* DateView.swift */,
				5326A57A2A9D7DC400A8BD4B /* DateViewController.swift */,
				5326A5C52A9DB54B00A8BD4B /* TitleViewController.swift */,
				5326A5C72A9DBB4600A8BD4B /* ContentViewController.swift */,
			);
			path = Add;
			sourceTree = "<group>";
		};
		5326A5752A9D7BC200A8BD4B /* Extension */ = {
			isa = PBXGroup;
			children = (
				5326A5762A9D7BDA00A8BD4B /* Notification+Extension.swift */,
				5326A57C2A9D8E9300A8BD4B /* DateFormatter+Extension.swift */,
			);
			path = Extension;
			sourceTree = "<group>";
		};
		5326A5B92A9D9BCE00A8BD4B /* Products */ = {
			isa = PBXGroup;
			children = (
				5326A5BE2A9D9BCE00A8BD4B /* SeSACPhotoFramework.framework */,
				5326A5C02A9D9BCE00A8BD4B /* SeSACPhotoFrameworkTests.xctest */,
			);
			name = Products;
			sourceTree = "<group>";
		};
		5326A5C12A9D9BE200A8BD4B /* Frameworks */ = {
			isa = PBXGroup;
			children = (
			);
			name = Frameworks;
			sourceTree = "<group>";
		};
		5326A5D62A9EC73200A8BD4B /* Network */ = {
			isa = PBXGroup;
			children = (
				5326A5D72A9EC74400A8BD4B /* APIService.swift */,
				5326A5DB2A9EEBD200A8BD4B /* URLSessionViewController.swift */,
				5326A5E82AA0CDA200A8BD4B /* PhotoAPIManager.swift */,
				5326A5EC2AA0D07400A8BD4B /* APIKey.swift */,
				5326A5EE2AA0D32600A8BD4B /* PhotoResult.swift */,
			);
			path = Network;
			sourceTree = "<group>";
		};
		5326A5DD2AA01A5D00A8BD4B /* Home */ = {
			isa = PBXGroup;
			children = (
				5326A5DE2AA01A6F00A8BD4B /* HomeView.swift */,
				5326A5E02AA01A7900A8BD4B /* HomeViewController.swift */,
				53D5CD952AB46A560064CB3B /* HomeCollectionViewController.swift */,
			);
			path = Home;
			sourceTree = "<group>";
		};
/* End PBXGroup section */

/* Begin PBXNativeTarget section */
		5326A5402A9C1D8400A8BD4B /* PhotoLog */ = {
			isa = PBXNativeTarget;
			buildConfigurationList = 5326A5552A9C1D8500A8BD4B /* Build configuration list for PBXNativeTarget "PhotoLog" */;
			buildPhases = (
				5326A53D2A9C1D8400A8BD4B /* Sources */,
				5326A53E2A9C1D8400A8BD4B /* Frameworks */,
				5326A53F2A9C1D8400A8BD4B /* Resources */,
				5326A5C42A9D9BE200A8BD4B /* Embed Frameworks */,
			);
			buildRules = (
			);
			dependencies = (
			);
			name = PhotoLog;
			packageProductDependencies = (
				5326A5592A9C1E1E00A8BD4B /* SnapKit */,
				5326A5E62AA0CC8700A8BD4B /* Alamofire */,
				5326A5F12AA0D72000A8BD4B /* Kingfisher */,
			);
			productName = PhotoLog;
			productReference = 5326A5412A9C1D8400A8BD4B /* PhotoLog.app */;
			productType = "com.apple.product-type.application";
		};
/* End PBXNativeTarget section */

/* Begin PBXProject section */
		5326A5392A9C1D8400A8BD4B /* Project object */ = {
			isa = PBXProject;
			attributes = {
				BuildIndependentTargetsInParallel = 1;
				LastSwiftUpdateCheck = 1430;
				LastUpgradeCheck = 1430;
				TargetAttributes = {
					5326A5402A9C1D8400A8BD4B = {
						CreatedOnToolsVersion = 14.3.1;
					};
				};
			};
			buildConfigurationList = 5326A53C2A9C1D8400A8BD4B /* Build configuration list for PBXProject "PhotoLog" */;
			compatibilityVersion = "Xcode 14.0";
			developmentRegion = en;
			hasScannedForEncodings = 0;
			knownRegions = (
				en,
				Base,
			);
			mainGroup = 5326A5382A9C1D8400A8BD4B;
			packageReferences = (
				5326A5582A9C1E1E00A8BD4B /* XCRemoteSwiftPackageReference "SnapKit" */,
				5326A5E52AA0CC8700A8BD4B /* XCRemoteSwiftPackageReference "Alamofire" */,
				5326A5F02AA0D72000A8BD4B /* XCRemoteSwiftPackageReference "Kingfisher" */,
			);
			productRefGroup = 5326A5422A9C1D8400A8BD4B /* Products */;
			projectDirPath = "";
			projectReferences = (
				{
					ProductGroup = 5326A5B92A9D9BCE00A8BD4B /* Products */;
					ProjectRef = 5326A5B82A9D9BCE00A8BD4B /* SeSACPhotoFramework.xcodeproj */;
				},
			);
			projectRoot = "";
			targets = (
				5326A5402A9C1D8400A8BD4B /* PhotoLog */,
			);
		};
/* End PBXProject section */

/* Begin PBXReferenceProxy section */
		5326A5BE2A9D9BCE00A8BD4B /* SeSACPhotoFramework.framework */ = {
			isa = PBXReferenceProxy;
			fileType = wrapper.framework;
			path = SeSACPhotoFramework.framework;
			remoteRef = 5326A5BD2A9D9BCE00A8BD4B /* PBXContainerItemProxy */;
			sourceTree = BUILT_PRODUCTS_DIR;
		};
		5326A5C02A9D9BCE00A8BD4B /* SeSACPhotoFrameworkTests.xctest */ = {
			isa = PBXReferenceProxy;
			fileType = wrapper.cfbundle;
			path = SeSACPhotoFrameworkTests.xctest;
			remoteRef = 5326A5BF2A9D9BCE00A8BD4B /* PBXContainerItemProxy */;
			sourceTree = BUILT_PRODUCTS_DIR;
		};
/* End PBXReferenceProxy section */

/* Begin PBXResourcesBuildPhase section */
		5326A53F2A9C1D8400A8BD4B /* Resources */ = {
			isa = PBXResourcesBuildPhase;
			buildActionMask = 2147483647;
			files = (
				5326A5512A9C1D8500A8BD4B /* LaunchScreen.storyboard in Resources */,
				5326A5EB2AA0D05800A8BD4B /* .gitignore in Resources */,
				5326A54E2A9C1D8500A8BD4B /* Assets.xcassets in Resources */,
			);
			runOnlyForDeploymentPostprocessing = 0;
		};
/* End PBXResourcesBuildPhase section */

/* Begin PBXSourcesBuildPhase section */
		5326A53D2A9C1D8400A8BD4B /* Sources */ = {
			isa = PBXSourcesBuildPhase;
			buildActionMask = 2147483647;
			files = (
				5326A5772A9D7BDA00A8BD4B /* Notification+Extension.swift in Sources */,
				5326A5652A9C2FF200A8BD4B /* AddView.swift in Sources */,
				5326A5ED2AA0D07400A8BD4B /* APIKey.swift in Sources */,
				5326A5C82A9DBB4600A8BD4B /* ContentViewController.swift in Sources */,
				5326A5602A9C274B00A8BD4B /* SearchViewController.swift in Sources */,
				5326A5692A9C365E00A8BD4B /* BaseCollectionViewCell.swift in Sources */,
				5326A5E12AA01A7900A8BD4B /* HomeViewController.swift in Sources */,
				5326A57D2A9D8E9300A8BD4B /* DateFormatter+Extension.swift in Sources */,
				5326A5492A9C1D8400A8BD4B /* AddViewController.swift in Sources */,
				5326A57B2A9D7DC400A8BD4B /* DateViewController.swift in Sources */,
				5326A55D2A9C242400A8BD4B /* BaseViewController.swift in Sources */,
				5326A5792A9D7C7900A8BD4B /* DateView.swift in Sources */,
				5326A5DC2A9EEBD200A8BD4B /* URLSessionViewController.swift in Sources */,
				5326A5672A9C337400A8BD4B /* SearchView.swift in Sources */,
				5326A5622A9C2EBD00A8BD4B /* BaseView.swift in Sources */,
				5326A5DF2AA01A6F00A8BD4B /* HomeView.swift in Sources */,
				5326A5CC2A9DC75A00A8BD4B /* WebViewController.swift in Sources */,
				5326A5452A9C1D8400A8BD4B /* AppDelegate.swift in Sources */,
				5326A5E92AA0CDA200A8BD4B /* PhotoAPIManager.swift in Sources */,
				5326A5472A9C1D8400A8BD4B /* SceneDelegate.swift in Sources */,
				5326A56B2A9C37EF00A8BD4B /* SearchCollectionViewCell.swift in Sources */,
				5326A5EF2AA0D32600A8BD4B /* PhotoResult.swift in Sources */,
				5326A5D82A9EC74400A8BD4B /* APIService.swift in Sources */,
				53D5CD962AB46A560064CB3B /* HomeCollectionViewController.swift in Sources */,
				5326A5C62A9DB54B00A8BD4B /* TitleViewController.swift in Sources */,
			);
			runOnlyForDeploymentPostprocessing = 0;
		};
/* End PBXSourcesBuildPhase section */

/* Begin PBXVariantGroup section */
		5326A54F2A9C1D8500A8BD4B /* LaunchScreen.storyboard */ = {
			isa = PBXVariantGroup;
			children = (
				5326A5502A9C1D8500A8BD4B /* Base */,
			);
			name = LaunchScreen.storyboard;
			sourceTree = "<group>";
		};
/* End PBXVariantGroup section */

/* Begin XCBuildConfiguration section */
		5326A5532A9C1D8500A8BD4B /* Debug */ = {
			isa = XCBuildConfiguration;
			buildSettings = {
				ALWAYS_SEARCH_USER_PATHS = NO;
				CLANG_ANALYZER_NONNULL = YES;
				CLANG_ANALYZER_NUMBER_OBJECT_CONVERSION = YES_AGGRESSIVE;
				CLANG_CXX_LANGUAGE_STANDARD = "gnu++20";
				CLANG_ENABLE_MODULES = YES;
				CLANG_ENABLE_OBJC_ARC = YES;
				CLANG_ENABLE_OBJC_WEAK = YES;
				CLANG_WARN_BLOCK_CAPTURE_AUTORELEASING = YES;
				CLANG_WARN_BOOL_CONVERSION = YES;
				CLANG_WARN_COMMA = YES;
				CLANG_WARN_CONSTANT_CONVERSION = YES;
				CLANG_WARN_DEPRECATED_OBJC_IMPLEMENTATIONS = YES;
				CLANG_WARN_DIRECT_OBJC_ISA_USAGE = YES_ERROR;
				CLANG_WARN_DOCUMENTATION_COMMENTS = YES;
				CLANG_WARN_EMPTY_BODY = YES;
				CLANG_WARN_ENUM_CONVERSION = YES;
				CLANG_WARN_INFINITE_RECURSION = YES;
				CLANG_WARN_INT_CONVERSION = YES;
				CLANG_WARN_NON_LITERAL_NULL_CONVERSION = YES;
				CLANG_WARN_OBJC_IMPLICIT_RETAIN_SELF = YES;
				CLANG_WARN_OBJC_LITERAL_CONVERSION = YES;
				CLANG_WARN_OBJC_ROOT_CLASS = YES_ERROR;
				CLANG_WARN_QUOTED_INCLUDE_IN_FRAMEWORK_HEADER = YES;
				CLANG_WARN_RANGE_LOOP_ANALYSIS = YES;
				CLANG_WARN_STRICT_PROTOTYPES = YES;
				CLANG_WARN_SUSPICIOUS_MOVE = YES;
				CLANG_WARN_UNGUARDED_AVAILABILITY = YES_AGGRESSIVE;
				CLANG_WARN_UNREACHABLE_CODE = YES;
				CLANG_WARN__DUPLICATE_METHOD_MATCH = YES;
				COPY_PHASE_STRIP = NO;
				DEBUG_INFORMATION_FORMAT = dwarf;
				ENABLE_STRICT_OBJC_MSGSEND = YES;
				ENABLE_TESTABILITY = YES;
				GCC_C_LANGUAGE_STANDARD = gnu11;
				GCC_DYNAMIC_NO_PIC = NO;
				GCC_NO_COMMON_BLOCKS = YES;
				GCC_OPTIMIZATION_LEVEL = 0;
				GCC_PREPROCESSOR_DEFINITIONS = (
					"DEBUG=1",
					"$(inherited)",
				);
				GCC_WARN_64_TO_32_BIT_CONVERSION = YES;
				GCC_WARN_ABOUT_RETURN_TYPE = YES_ERROR;
				GCC_WARN_UNDECLARED_SELECTOR = YES;
				GCC_WARN_UNINITIALIZED_AUTOS = YES_AGGRESSIVE;
				GCC_WARN_UNUSED_FUNCTION = YES;
				GCC_WARN_UNUSED_VARIABLE = YES;
				IPHONEOS_DEPLOYMENT_TARGET = 16.4;
				MTL_ENABLE_DEBUG_INFO = INCLUDE_SOURCE;
				MTL_FAST_MATH = YES;
				ONLY_ACTIVE_ARCH = YES;
				SDKROOT = iphoneos;
				SWIFT_ACTIVE_COMPILATION_CONDITIONS = DEBUG;
				SWIFT_OPTIMIZATION_LEVEL = "-Onone";
			};
			name = Debug;
		};
		5326A5542A9C1D8500A8BD4B /* Release */ = {
			isa = XCBuildConfiguration;
			buildSettings = {
				ALWAYS_SEARCH_USER_PATHS = NO;
				CLANG_ANALYZER_NONNULL = YES;
				CLANG_ANALYZER_NUMBER_OBJECT_CONVERSION = YES_AGGRESSIVE;
				CLANG_CXX_LANGUAGE_STANDARD = "gnu++20";
				CLANG_ENABLE_MODULES = YES;
				CLANG_ENABLE_OBJC_ARC = YES;
				CLANG_ENABLE_OBJC_WEAK = YES;
				CLANG_WARN_BLOCK_CAPTURE_AUTORELEASING = YES;
				CLANG_WARN_BOOL_CONVERSION = YES;
				CLANG_WARN_COMMA = YES;
				CLANG_WARN_CONSTANT_CONVERSION = YES;
				CLANG_WARN_DEPRECATED_OBJC_IMPLEMENTATIONS = YES;
				CLANG_WARN_DIRECT_OBJC_ISA_USAGE = YES_ERROR;
				CLANG_WARN_DOCUMENTATION_COMMENTS = YES;
				CLANG_WARN_EMPTY_BODY = YES;
				CLANG_WARN_ENUM_CONVERSION = YES;
				CLANG_WARN_INFINITE_RECURSION = YES;
				CLANG_WARN_INT_CONVERSION = YES;
				CLANG_WARN_NON_LITERAL_NULL_CONVERSION = YES;
				CLANG_WARN_OBJC_IMPLICIT_RETAIN_SELF = YES;
				CLANG_WARN_OBJC_LITERAL_CONVERSION = YES;
				CLANG_WARN_OBJC_ROOT_CLASS = YES_ERROR;
				CLANG_WARN_QUOTED_INCLUDE_IN_FRAMEWORK_HEADER = YES;
				CLANG_WARN_RANGE_LOOP_ANALYSIS = YES;
				CLANG_WARN_STRICT_PROTOTYPES = YES;
				CLANG_WARN_SUSPICIOUS_MOVE = YES;
				CLANG_WARN_UNGUARDED_AVAILABILITY = YES_AGGRESSIVE;
				CLANG_WARN_UNREACHABLE_CODE = YES;
				CLANG_WARN__DUPLICATE_METHOD_MATCH = YES;
				COPY_PHASE_STRIP = NO;
				DEBUG_INFORMATION_FORMAT = "dwarf-with-dsym";
				ENABLE_NS_ASSERTIONS = NO;
				ENABLE_STRICT_OBJC_MSGSEND = YES;
				GCC_C_LANGUAGE_STANDARD = gnu11;
				GCC_NO_COMMON_BLOCKS = YES;
				GCC_WARN_64_TO_32_BIT_CONVERSION = YES;
				GCC_WARN_ABOUT_RETURN_TYPE = YES_ERROR;
				GCC_WARN_UNDECLARED_SELECTOR = YES;
				GCC_WARN_UNINITIALIZED_AUTOS = YES_AGGRESSIVE;
				GCC_WARN_UNUSED_FUNCTION = YES;
				GCC_WARN_UNUSED_VARIABLE = YES;
				IPHONEOS_DEPLOYMENT_TARGET = 16.4;
				MTL_ENABLE_DEBUG_INFO = NO;
				MTL_FAST_MATH = YES;
				SDKROOT = iphoneos;
				SWIFT_COMPILATION_MODE = wholemodule;
				SWIFT_OPTIMIZATION_LEVEL = "-O";
				VALIDATE_PRODUCT = YES;
			};
			name = Release;
		};
		5326A5562A9C1D8500A8BD4B /* Debug */ = {
			isa = XCBuildConfiguration;
			buildSettings = {
				ASSETCATALOG_COMPILER_APPICON_NAME = AppIcon;
				ASSETCATALOG_COMPILER_GLOBAL_ACCENT_COLOR_NAME = AccentColor;
				CODE_SIGN_STYLE = Automatic;
				CURRENT_PROJECT_VERSION = 1;
				DEVELOPMENT_TEAM = KLYH4UN5ZC;
				GENERATE_INFOPLIST_FILE = YES;
				INFOPLIST_FILE = PhotoLog/Info.plist;
				INFOPLIST_KEY_UIApplicationSupportsIndirectInputEvents = YES;
				INFOPLIST_KEY_UILaunchStoryboardName = LaunchScreen;
				INFOPLIST_KEY_UISupportedInterfaceOrientations = UIInterfaceOrientationPortrait;
				INFOPLIST_KEY_UISupportedInterfaceOrientations_iPad = "UIInterfaceOrientationLandscapeLeft UIInterfaceOrientationLandscapeRight UIInterfaceOrientationPortrait UIInterfaceOrientationPortraitUpsideDown";
				LD_RUNPATH_SEARCH_PATHS = (
					"$(inherited)",
					"@executable_path/Frameworks",
				);
				MARKETING_VERSION = 1.0;
				PRODUCT_BUNDLE_IDENTIFIER = com.dahye.PhotoLog;
				PRODUCT_NAME = "$(TARGET_NAME)";
				SUPPORTED_PLATFORMS = "iphoneos iphonesimulator";
				SUPPORTS_MACCATALYST = NO;
				SUPPORTS_MAC_DESIGNED_FOR_IPHONE_IPAD = NO;
				SWIFT_EMIT_LOC_STRINGS = YES;
				SWIFT_VERSION = 5.0;
				TARGETED_DEVICE_FAMILY = 1;
			};
			name = Debug;
		};
		5326A5572A9C1D8500A8BD4B /* Release */ = {
			isa = XCBuildConfiguration;
			buildSettings = {
				ASSETCATALOG_COMPILER_APPICON_NAME = AppIcon;
				ASSETCATALOG_COMPILER_GLOBAL_ACCENT_COLOR_NAME = AccentColor;
				CODE_SIGN_STYLE = Automatic;
				CURRENT_PROJECT_VERSION = 1;
				DEVELOPMENT_TEAM = KLYH4UN5ZC;
				GENERATE_INFOPLIST_FILE = YES;
				INFOPLIST_FILE = PhotoLog/Info.plist;
				INFOPLIST_KEY_UIApplicationSupportsIndirectInputEvents = YES;
				INFOPLIST_KEY_UILaunchStoryboardName = LaunchScreen;
				INFOPLIST_KEY_UISupportedInterfaceOrientations = UIInterfaceOrientationPortrait;
				INFOPLIST_KEY_UISupportedInterfaceOrientations_iPad = "UIInterfaceOrientationLandscapeLeft UIInterfaceOrientationLandscapeRight UIInterfaceOrientationPortrait UIInterfaceOrientationPortraitUpsideDown";
				LD_RUNPATH_SEARCH_PATHS = (
					"$(inherited)",
					"@executable_path/Frameworks",
				);
				MARKETING_VERSION = 1.0;
				PRODUCT_BUNDLE_IDENTIFIER = com.dahye.PhotoLog;
				PRODUCT_NAME = "$(TARGET_NAME)";
				SUPPORTED_PLATFORMS = "iphoneos iphonesimulator";
				SUPPORTS_MACCATALYST = NO;
				SUPPORTS_MAC_DESIGNED_FOR_IPHONE_IPAD = NO;
				SWIFT_EMIT_LOC_STRINGS = YES;
				SWIFT_VERSION = 5.0;
				TARGETED_DEVICE_FAMILY = 1;
			};
			name = Release;
		};
/* End XCBuildConfiguration section */

/* Begin XCConfigurationList section */
		5326A53C2A9C1D8400A8BD4B /* Build configuration list for PBXProject "PhotoLog" */ = {
			isa = XCConfigurationList;
			buildConfigurations = (
				5326A5532A9C1D8500A8BD4B /* Debug */,
				5326A5542A9C1D8500A8BD4B /* Release */,
			);
			defaultConfigurationIsVisible = 0;
			defaultConfigurationName = Release;
		};
		5326A5552A9C1D8500A8BD4B /* Build configuration list for PBXNativeTarget "PhotoLog" */ = {
			isa = XCConfigurationList;
			buildConfigurations = (
				5326A5562A9C1D8500A8BD4B /* Debug */,
				5326A5572A9C1D8500A8BD4B /* Release */,
			);
			defaultConfigurationIsVisible = 0;
			defaultConfigurationName = Release;
		};
/* End XCConfigurationList section */

/* Begin XCRemoteSwiftPackageReference section */
		5326A5582A9C1E1E00A8BD4B /* XCRemoteSwiftPackageReference "SnapKit" */ = {
			isa = XCRemoteSwiftPackageReference;
			repositoryURL = "https://github.com/SnapKit/SnapKit.git";
			requirement = {
				kind = upToNextMajorVersion;
				minimumVersion = 5.0.0;
			};
		};
		5326A5E52AA0CC8700A8BD4B /* XCRemoteSwiftPackageReference "Alamofire" */ = {
			isa = XCRemoteSwiftPackageReference;
			repositoryURL = "https://github.com/Alamofire/Alamofire";
			requirement = {
				kind = upToNextMajorVersion;
				minimumVersion = 5.0.0;
			};
		};
		5326A5F02AA0D72000A8BD4B /* XCRemoteSwiftPackageReference "Kingfisher" */ = {
			isa = XCRemoteSwiftPackageReference;
			repositoryURL = "https://github.com/onevcat/Kingfisher.git";
			requirement = {
				kind = upToNextMajorVersion;
				minimumVersion = 7.0.0;
			};
		};
/* End XCRemoteSwiftPackageReference section */

/* Begin XCSwiftPackageProductDependency section */
		5326A5592A9C1E1E00A8BD4B /* SnapKit */ = {
			isa = XCSwiftPackageProductDependency;
			package = 5326A5582A9C1E1E00A8BD4B /* XCRemoteSwiftPackageReference "SnapKit" */;
			productName = SnapKit;
		};
		5326A5E62AA0CC8700A8BD4B /* Alamofire */ = {
			isa = XCSwiftPackageProductDependency;
			package = 5326A5E52AA0CC8700A8BD4B /* XCRemoteSwiftPackageReference "Alamofire" */;
			productName = Alamofire;
		};
		5326A5F12AA0D72000A8BD4B /* Kingfisher */ = {
			isa = XCSwiftPackageProductDependency;
			package = 5326A5F02AA0D72000A8BD4B /* XCRemoteSwiftPackageReference "Kingfisher" */;
			productName = Kingfisher;
		};
/* End XCSwiftPackageProductDependency section */
	};
	rootObject = 5326A5392A9C1D8400A8BD4B /* Project object */;
}
